
Microsoft Visual Studio Solution File, Format Version 12.00
Project("{FAE04EC0-301F-11D3-BF4B-00C04F79EFBC}") = "ParallelProgTemalab", "ParallelProgTemalab\ParallelProgTemalab.csproj", "{06D9CC7E-B504-47BE-A5E1-ABACBE1541A3}"
EndProject
Global
	GlobalSection(SolutionConfigurationPlatforms) = preSolution
		Debug|Any CPU = Debug|Any CPU
		Release|Any CPU = Release|Any CPU
	EndGlobalSection
	GlobalSection(ProjectConfigurationPlatforms) = postSolution
		{06D9CC7E-B504-47BE-A5E1-ABACBE1541A3}.Debug|Any CPU.ActiveCfg = Debug|Any CPU
		{06D9CC7E-B504-47BE-A5E1-ABACBE1541A3}.Debug|Any CPU.Build.0 = Debug|Any CPU
		{06D9CC7E-B504-47BE-A5E1-ABACBE1541A3}.Release|Any CPU.ActiveCfg = Release|Any CPU
		{06D9CC7E-B504-47BE-A5E1-ABACBE1541A3}.Release|Any CPU.Build.0 = Release|Any CPU
	EndGlobalSection
EndGlobal
